
Microsoft Visual Studio Solution File, Format Version 12.00
# Visual Studio Version 16
VisualStudioVersion = 16.0.30907.101
MinimumVisualStudioVersion = 10.0.40219.1
Project("{FAE04EC0-301F-11D3-BF4B-00C04F79EFBC}") = "AutoSystem", "AutoSystem\AutoSystem.csproj", "{EFBE1B72-329C-42F4-9F36-9ECC5901A948}"
EndProject
Global
	GlobalSection(SolutionConfigurationPlatforms) = preSolution
		Debug|Any CPU = Debug|Any CPU
		Release|Any CPU = Release|Any CPU
	EndGlobalSection
	GlobalSection(ProjectConfigurationPlatforms) = postSolution
		{EFBE1B72-329C-42F4-9F36-9ECC5901A948}.Debug|Any CPU.ActiveCfg = Debug|Any CPU
		{EFBE1B72-329C-42F4-9F36-9ECC5901A948}.Debug|Any CPU.Build.0 = Debug|Any CPU
		{EFBE1B72-329C-42F4-9F36-9ECC5901A948}.Release|Any CPU.ActiveCfg = Release|Any CPU
		{EFBE1B72-329C-42F4-9F36-9ECC5901A948}.Release|Any CPU.Build.0 = Release|Any CPU
	EndGlobalSection
	GlobalSection(SolutionProperties) = preSolution
		HideSolutionNode = FALSE
	EndGlobalSection
	GlobalSection(ExtensibilityGlobals) = postSolution
		SolutionGuid = {5B122140-8B71-4C0B-8A9C-21FA23FCA4FC}
	EndGlobalSection
EndGlobal
